
Microsoft Visual Studio Solution File, Format Version 12.00
# Visual Studio Version 17
VisualStudioVersion = 17.6.33829.357
MinimumVisualStudioVersion = 10.0.40219.1
Project("{FAE04EC0-301F-11D3-BF4B-00C04F79EFBC}") = "lab4", "lab4.csproj", "{A734426E-BFE4-47FE-A42F-8A4C648AED3E}"
EndProject
Global
	GlobalSection(SolutionConfigurationPlatforms) = preSolution
		Debug|Any CPU = Debug|Any CPU
		Release|Any CPU = Release|Any CPU
	EndGlobalSection
	GlobalSection(ProjectConfigurationPlatforms) = postSolution
		{A734426E-BFE4-47FE-A42F-8A4C648AED3E}.Debug|Any CPU.ActiveCfg = Debug|Any CPU
		{A734426E-BFE4-47FE-A42F-8A4C648AED3E}.Debug|Any CPU.Build.0 = Debug|Any CPU
		{A734426E-BFE4-47FE-A42F-8A4C648AED3E}.Release|Any CPU.ActiveCfg = Release|Any CPU
		{A734426E-BFE4-47FE-A42F-8A4C648AED3E}.Release|Any CPU.Build.0 = Release|Any CPU
	EndGlobalSection
	GlobalSection(SolutionProperties) = preSolution
		HideSolutionNode = FALSE
	EndGlobalSection
	GlobalSection(ExtensibilityGlobals) = postSolution
		SolutionGuid = {8816FC35-7867-44C8-ABBB-8F0921F28904}
	EndGlobalSection
EndGlobal
